
Microsoft Visual Studio Solution File, Format Version 12.00
# Visual Studio Version 17
VisualStudioVersion = 17.3.32929.385
MinimumVisualStudioVersion = 10.0.40219.1
Project("{FAE04EC0-301F-11D3-BF4B-00C04F79EFBC}") = "point géomètrique", "point géomètrique\point géomètrique.csproj", "{6EAFFB5D-02BD-433E-B891-B66CD1780A11}"
EndProject
Global
	GlobalSection(SolutionConfigurationPlatforms) = preSolution
		Debug|Any CPU = Debug|Any CPU
		Release|Any CPU = Release|Any CPU
	EndGlobalSection
	GlobalSection(ProjectConfigurationPlatforms) = postSolution
		{6EAFFB5D-02BD-433E-B891-B66CD1780A11}.Debug|Any CPU.ActiveCfg = Debug|Any CPU
		{6EAFFB5D-02BD-433E-B891-B66CD1780A11}.Debug|Any CPU.Build.0 = Debug|Any CPU
		{6EAFFB5D-02BD-433E-B891-B66CD1780A11}.Release|Any CPU.ActiveCfg = Release|Any CPU
		{6EAFFB5D-02BD-433E-B891-B66CD1780A11}.Release|Any CPU.Build.0 = Release|Any CPU
	EndGlobalSection
	GlobalSection(SolutionProperties) = preSolution
		HideSolutionNode = FALSE
	EndGlobalSection
	GlobalSection(ExtensibilityGlobals) = postSolution
		SolutionGuid = {696651EC-80B7-400F-99F6-41A9B56BE7AB}
	EndGlobalSection
EndGlobal
